Microsoft Visual Studio Solution File, Format Version 12.00
# Visual Studio Version 17
VisualStudioVersion = 17.5.2.0
MinimumVisualStudioVersion = 10.0.40219.1
Project("{2150E333-8FDC-42A3-9474-1A3956D46DE8}") = "Source", "Source", "{77846EC9-EF2B-4640-9F22-DDE68CB61D1D}"
EndProject
Project("{2150E333-8FDC-42A3-9474-1A3956D46DE8}") = "Core", "Core", "{3F197606-3F97-4C32-9A5E-9A29E21CAD53}"
EndProject
Project("{FAE04EC0-301F-11D3-BF4B-00C04F79EFBC}") = "Domain", "Source\Core\Domain\Domain.csproj", "{5F7733DD-4FD6-467E-9699-DB2E346E102E}"
EndProject
Project("{2150E333-8FDC-42A3-9474-1A3956D46DE8}") = "Infrastructure", "Infrastructure", "{C5B18B53-A733-4677-8ADC-A2ECAB4EB1E2}"
EndProject
Project("{FAE04EC0-301F-11D3-BF4B-00C04F79EFBC}") = "DAO", "Source\Infrastructure\DAO\DAO.csproj", "{37191801-435E-4D1F-9244-69E1F8C27DE4}"
EndProject
Project("{FAE04EC0-301F-11D3-BF4B-00C04F79EFBC}") = "IoC", "Source\Infrastructure\IoC\IoC.csproj", "{B7E0EF33-4515-496E-9D80-8BACEEFBBCBC}"
EndProject
Project("{2150E333-8FDC-42A3-9474-1A3956D46DE8}") = "Presenter", "Presenter", "{2FA88A69-7C7E-4BAF-9495-37C449382F98}"
EndProject
Project("{FAE04EC0-301F-11D3-BF4B-00C04F79EFBC}") = "API", "Source\Presenter\API\API.csproj", "{CB6ADA5B-4C23-4592-93D1-2114FFCA000B}"
EndProject
Project("{FAE04EC0-301F-11D3-BF4B-00C04F79EFBC}") = "Application", "Source\Core\Application\Application.csproj", "{FCEE12B2-5565-4B84-9A1D-89BF8A6E63F3}"
EndProject
Project("{FAE04EC0-301F-11D3-BF4B-00C04F79EFBC}") = "Library", "Library\Library.csproj", "{8CD1C095-56B6-48A6-87C0-A2E40CEAEE37}"
EndProject
Global
	GlobalSection(SolutionConfigurationPlatforms) = preSolution
		Debug|Any CPU = Debug|Any CPU
		Release|Any CPU = Release|Any CPU
	EndGlobalSection
	GlobalSection(ProjectConfigurationPlatforms) = postSolution
		{7AADFB04-798E-CAB5-8911-64514C7961CE}.Debug|Any CPU.ActiveCfg = Debug|Any CPU
		{7AADFB04-798E-CAB5-8911-64514C7961CE}.Debug|Any CPU.Build.0 = Debug|Any CPU
		{7AADFB04-798E-CAB5-8911-64514C7961CE}.Release|Any CPU.ActiveCfg = Release|Any CPU
		{7AADFB04-798E-CAB5-8911-64514C7961CE}.Release|Any CPU.Build.0 = Release|Any CPU
		{5F7733DD-4FD6-467E-9699-DB2E346E102E}.Debug|Any CPU.ActiveCfg = Debug|Any CPU
		{5F7733DD-4FD6-467E-9699-DB2E346E102E}.Debug|Any CPU.Build.0 = Debug|Any CPU
		{5F7733DD-4FD6-467E-9699-DB2E346E102E}.Release|Any CPU.ActiveCfg = Release|Any CPU
		{5F7733DD-4FD6-467E-9699-DB2E346E102E}.Release|Any CPU.Build.0 = Release|Any CPU
		{37191801-435E-4D1F-9244-69E1F8C27DE4}.Debug|Any CPU.ActiveCfg = Debug|Any CPU
		{37191801-435E-4D1F-9244-69E1F8C27DE4}.Debug|Any CPU.Build.0 = Debug|Any CPU
		{37191801-435E-4D1F-9244-69E1F8C27DE4}.Release|Any CPU.ActiveCfg = Release|Any CPU
		{37191801-435E-4D1F-9244-69E1F8C27DE4}.Release|Any CPU.Build.0 = Release|Any CPU
		{B7E0EF33-4515-496E-9D80-8BACEEFBBCBC}.Debug|Any CPU.ActiveCfg = Debug|Any CPU
		{B7E0EF33-4515-496E-9D80-8BACEEFBBCBC}.Debug|Any CPU.Build.0 = Debug|Any CPU
		{B7E0EF33-4515-496E-9D80-8BACEEFBBCBC}.Release|Any CPU.ActiveCfg = Release|Any CPU
		{B7E0EF33-4515-496E-9D80-8BACEEFBBCBC}.Release|Any CPU.Build.0 = Release|Any CPU
		{CB6ADA5B-4C23-4592-93D1-2114FFCA000B}.Debug|Any CPU.ActiveCfg = Debug|Any CPU
		{CB6ADA5B-4C23-4592-93D1-2114FFCA000B}.Debug|Any CPU.Build.0 = Debug|Any CPU
		{CB6ADA5B-4C23-4592-93D1-2114FFCA000B}.Release|Any CPU.ActiveCfg = Release|Any CPU
		{CB6ADA5B-4C23-4592-93D1-2114FFCA000B}.Release|Any CPU.Build.0 = Release|Any CPU
		{FCEE12B2-5565-4B84-9A1D-89BF8A6E63F3}.Debug|Any CPU.ActiveCfg = Debug|Any CPU
		{FCEE12B2-5565-4B84-9A1D-89BF8A6E63F3}.Debug|Any CPU.Build.0 = Debug|Any CPU
		{FCEE12B2-5565-4B84-9A1D-89BF8A6E63F3}.Release|Any CPU.ActiveCfg = Release|Any CPU
		{FCEE12B2-5565-4B84-9A1D-89BF8A6E63F3}.Release|Any CPU.Build.0 = Release|Any CPU
		{8CD1C095-56B6-48A6-87C0-A2E40CEAEE37}.Debug|Any CPU.ActiveCfg = Debug|Any CPU
		{8CD1C095-56B6-48A6-87C0-A2E40CEAEE37}.Debug|Any CPU.Build.0 = Debug|Any CPU
		{8CD1C095-56B6-48A6-87C0-A2E40CEAEE37}.Release|Any CPU.ActiveCfg = Release|Any CPU
		{8CD1C095-56B6-48A6-87C0-A2E40CEAEE37}.Release|Any CPU.Build.0 = Release|Any CPU
	EndGlobalSection
	GlobalSection(SolutionProperties) = preSolution
		HideSolutionNode = FALSE
	EndGlobalSection
	GlobalSection(ExtensibilityGlobals) = postSolution
		SolutionGuid = {B2B06F79-7C41-4141-9BD6-A2C42352D68B}
	EndGlobalSection
	GlobalSection(NestedProjects) = preSolution
		{3F197606-3F97-4C32-9A5E-9A29E21CAD53} = {77846EC9-EF2B-4640-9F22-DDE68CB61D1D}
		{5F7733DD-4FD6-467E-9699-DB2E346E102E} = {3F197606-3F97-4C32-9A5E-9A29E21CAD53}
		{C5B18B53-A733-4677-8ADC-A2ECAB4EB1E2} = {77846EC9-EF2B-4640-9F22-DDE68CB61D1D}
		{37191801-435E-4D1F-9244-69E1F8C27DE4} = {C5B18B53-A733-4677-8ADC-A2ECAB4EB1E2}
		{B7E0EF33-4515-496E-9D80-8BACEEFBBCBC} = {C5B18B53-A733-4677-8ADC-A2ECAB4EB1E2}
		{2FA88A69-7C7E-4BAF-9495-37C449382F98} = {77846EC9-EF2B-4640-9F22-DDE68CB61D1D}
		{CB6ADA5B-4C23-4592-93D1-2114FFCA000B} = {2FA88A69-7C7E-4BAF-9495-37C449382F98}
		{FCEE12B2-5565-4B84-9A1D-89BF8A6E63F3} = {3F197606-3F97-4C32-9A5E-9A29E21CAD53}
	EndGlobalSection
EndGlobal
